
Microsoft Visual Studio Solution File, Format Version 12.00
# Visual Studio Version 17
VisualStudioVersion = 17.3.32922.545
MinimumVisualStudioVersion = 10.0.40219.1
Project("{FAE04EC0-301F-11D3-BF4B-00C04F79EFBC}") = "11. Harjoitus nopan heitto", "11. Harjoitus nopan heitto\11. Harjoitus nopan heitto.csproj", "{6257FA97-D1E1-49F9-9ED0-7A9AD8DB0E5A}"
EndProject
Global
	GlobalSection(SolutionConfigurationPlatforms) = preSolution
		Debug|Any CPU = Debug|Any CPU
		Release|Any CPU = Release|Any CPU
	EndGlobalSection
	GlobalSection(ProjectConfigurationPlatforms) = postSolution
		{6257FA97-D1E1-49F9-9ED0-7A9AD8DB0E5A}.Debug|Any CPU.ActiveCfg = Debug|Any CPU
		{6257FA97-D1E1-49F9-9ED0-7A9AD8DB0E5A}.Debug|Any CPU.Build.0 = Debug|Any CPU
		{6257FA97-D1E1-49F9-9ED0-7A9AD8DB0E5A}.Release|Any CPU.ActiveCfg = Release|Any CPU
		{6257FA97-D1E1-49F9-9ED0-7A9AD8DB0E5A}.Release|Any CPU.Build.0 = Release|Any CPU
	EndGlobalSection
	GlobalSection(SolutionProperties) = preSolution
		HideSolutionNode = FALSE
	EndGlobalSection
	GlobalSection(ExtensibilityGlobals) = postSolution
		SolutionGuid = {9CF3BA03-7789-402E-BEA6-BF9A03D5C597}
	EndGlobalSection
EndGlobal
